// !$*UTF8*$!
{
	archiveVersion = 1;
	classes = {
	};
	objectVersion = 56;
	objects = {

/* Begin PBXBuildFile section */
		5B8DF0A32B4DFA4100D8FDD1 /* SplashScreenView.swift in Sources */ = {isa = PBXBuildFile; fileRef = 5B8DF0A22B4DFA4100D8FDD1 /* SplashScreenView.swift */; };
		5B8DF0A52B4F374100D8FDD1 /* CountryCodePickerView.swift in Sources */ = {isa = PBXBuildFile; fileRef = 5B8DF0A42B4F374100D8FDD1 /* CountryCodePickerView.swift */; };
		9A4780002B4DE767008F704F /* sageApp.swift in Sources */ = {isa = PBXBuildFile; fileRef = 9A477FFF2B4DE767008F704F /* sageApp.swift */; };
		9A4780022B4DE767008F704F /* ContentView.swift in Sources */ = {isa = PBXBuildFile; fileRef = 9A4780012B4DE767008F704F /* ContentView.swift */; };
		9A4780042B4DE768008F704F /* Assets.xcassets in Resources */ = {isa = PBXBuildFile; fileRef = 9A4780032B4DE768008F704F /* Assets.xcassets */; };
		9A4780072B4DE768008F704F /* Preview Assets.xcassets in Resources */ = {isa = PBXBuildFile; fileRef = 9A4780062B4DE768008F704F /* Preview Assets.xcassets */; };
		9A4780112B4DE769008F704F /* sageTests.swift in Sources */ = {isa = PBXBuildFile; fileRef = 9A4780102B4DE769008F704F /* sageTests.swift */; };
		9A47801B2B4DE769008F704F /* sageUITests.swift in Sources */ = {isa = PBXBuildFile; fileRef = 9A47801A2B4DE769008F704F /* sageUITests.swift */; };
		9A47801D2B4DE769008F704F /* sageUITestsLaunchTests.swift in Sources */ = {isa = PBXBuildFile; fileRef = 9A47801C2B4DE769008F704F /* sageUITestsLaunchTests.swift */; };
/* End PBXBuildFile section */

/* Begin PBXContainerItemProxy section */
		9A47800D2B4DE769008F704F /* PBXContainerItemProxy */ = {
			isa = PBXContainerItemProxy;
			containerPortal = 9A477FF42B4DE767008F704F /* Project object */;
			proxyType = 1;
			remoteGlobalIDString = 9A477FFB2B4DE767008F704F;
			remoteInfo = sage;
		};
		9A4780172B4DE769008F704F /* PBXContainerItemProxy */ = {
			isa = PBXContainerItemProxy;
			containerPortal = 9A477FF42B4DE767008F704F /* Project object */;
			proxyType = 1;
			remoteGlobalIDString = 9A477FFB2B4DE767008F704F;
			remoteInfo = sage;
		};
/* End PBXContainerItemProxy section */

/* Begin PBXFileReference section */
		5B8DF0A22B4DFA4100D8FDD1 /* SplashScreenView.swift */ = {isa = PBXFileReference; lastKnownFileType = sourcecode.swift; path = SplashScreenView.swift; sourceTree = "<group>"; };
		5B8DF0A42B4F374100D8FDD1 /* CountryCodePickerView.swift */ = {isa = PBXFileReference; lastKnownFileType = sourcecode.swift; path = CountryCodePickerView.swift; sourceTree = "<group>"; };
		9A477FFC2B4DE767008F704F /* sage.app */ = {isa = PBXFileReference; explicitFileType = wrapper.application; includeInIndex = 0; path = sage.app; sourceTree = BUILT_PRODUCTS_DIR; };
		9A477FFF2B4DE767008F704F /* sageApp.swift */ = {isa = PBXFileReference; lastKnownFileType = sourcecode.swift; path = sageApp.swift; sourceTree = "<group>"; };
		9A4780012B4DE767008F704F /* ContentView.swift */ = {isa = PBXFileReference; lastKnownFileType = sourcecode.swift; path = ContentView.swift; sourceTree = "<group>"; };
		9A4780032B4DE768008F704F /* Assets.xcassets */ = {isa = PBXFileReference; lastKnownFileType = folder.assetcatalog; path = Assets.xcassets; sourceTree = "<group>"; };
		9A4780062B4DE768008F704F /* Preview Assets.xcassets */ = {isa = PBXFileReference; lastKnownFileType = folder.assetcatalog; path = "Preview Assets.xcassets"; sourceTree = "<group>"; };
		9A47800C2B4DE769008F704F /* sageTests.xctest */ = {isa = PBXFileReference; explicitFileType = wrapper.cfbundle; includeInIndex = 0; path = sageTests.xctest; sourceTree = BUILT_PRODUCTS_DIR; };
		9A4780102B4DE769008F704F /* sageTests.swift */ = {isa = PBXFileReference; lastKnownFileType = sourcecode.swift; path = sageTests.swift; sourceTree = "<group>"; };
		9A4780162B4DE769008F704F /* sageUITests.xctest */ = {isa = PBXFileReference; explicitFileType = wrapper.cfbundle; includeInIndex = 0; path = sageUITests.xctest; sourceTree = BUILT_PRODUCTS_DIR; };
		9A47801A2B4DE769008F704F /* sageUITests.swift */ = {isa = PBXFileReference; lastKnownFileType = sourcecode.swift; path = sageUITests.swift; sourceTree = "<group>"; };
		9A47801C2B4DE769008F704F /* sageUITestsLaunchTests.swift */ = {isa = PBXFileReference; lastKnownFileType = sourcecode.swift; path = sageUITestsLaunchTests.swift; sourceTree = "<group>"; };
/* End PBXFileReference section */

/* Begin PBXFrameworksBuildPhase section */
		9A477FF92B4DE767008F704F /* Frameworks */ = {
			isa = PBXFrameworksBuildPhase;
			buildActionMask = 2147483647;
			files = (
			);
			runOnlyForDeploymentPostprocessing = 0;
		};
		9A4780092B4DE768008F704F /* Frameworks */ = {
			isa = PBXFrameworksBuildPhase;
			buildActionMask = 2147483647;
			files = (
			);
			runOnlyForDeploymentPostprocessing = 0;
		};
		9A4780132B4DE769008F704F /* Frameworks */ = {
			isa = PBXFrameworksBuildPhase;
			buildActionMask = 2147483647;
			files = (
			);
			runOnlyForDeploymentPostprocessing = 0;
		};
/* End PBXFrameworksBuildPhase section */

/* Begin PBXGroup section */
		9A477FF32B4DE767008F704F = {
			isa = PBXGroup;
			children = (
				9A477FFE2B4DE767008F704F /* sage */,
				9A47800F2B4DE769008F704F /* sageTests */,
				9A4780192B4DE769008F704F /* sageUITests */,
				9A477FFD2B4DE767008F704F /* Products */,
			);
			sourceTree = "<group>";
		};
		9A477FFD2B4DE767008F704F /* Products */ = {
			isa = PBXGroup;
			children = (
				9A477FFC2B4DE767008F704F /* sage.app */,
				9A47800C2B4DE769008F704F /* sageTests.xctest */,
				9A4780162B4DE769008F704F /* sageUITests.xctest */,
			);
			name = Products;
			sourceTree = "<group>";
		};
		9A477FFE2B4DE767008F704F /* sage */ = {
			isa = PBXGroup;
			children = (
				9A477FFF2B4DE767008F704F /* sageApp.swift */,
				9A4780012B4DE767008F704F /* ContentView.swift */,
				9A4780032B4DE768008F704F /* Assets.xcassets */,
				9A4780052B4DE768008F704F /* Preview Content */,
				5B8DF0A22B4DFA4100D8FDD1 /* SplashScreenView.swift */,
				5B8DF0A42B4F374100D8FDD1 /* CountryCodePickerView.swift */,
			);
			path = sage;
			sourceTree = "<group>";
		};
		9A4780052B4DE768008F704F /* Preview Content */ = {
			isa = PBXGroup;
			children = (
				9A4780062B4DE768008F704F /* Preview Assets.xcassets */,
			);
			path = "Preview Content";
			sourceTree = "<group>";
		};
		9A47800F2B4DE769008F704F /* sageTests */ = {
			isa = PBXGroup;
			children = (
				9A4780102B4DE769008F704F /* sageTests.swift */,
			);
			path = sageTests;
			sourceTree = "<group>";
		};
		9A4780192B4DE769008F704F /* sageUITests */ = {
			isa = PBXGroup;
			children = (
				9A47801A2B4DE769008F704F /* sageUITests.swift */,
				9A47801C2B4DE769008F704F /* sageUITestsLaunchTests.swift */,
			);
			path = sageUITests;
			sourceTree = "<group>";
		};
/* End PBXGroup section */

/* Begin PBXNativeTarget section */
		9A477FFB2B4DE767008F704F /* sage */ = {
			isa = PBXNativeTarget;
			buildConfigurationList = 9A4780202B4DE769008F704F /* Build configuration list for PBXNativeTarget "sage" */;
			buildPhases = (
				9A477FF82B4DE767008F704F /* Sources */,
				9A477FF92B4DE767008F704F /* Frameworks */,
				9A477FFA2B4DE767008F704F /* Resources */,
			);
			buildRules = (
			);
			dependencies = (
			);
			name = sage;
			productName = sage;
			productReference = 9A477FFC2B4DE767008F704F /* sage.app */;
			productType = "com.apple.product-type.application";
		};
		9A47800B2B4DE768008F704F /* sageTests */ = {
			isa = PBXNativeTarget;
			buildConfigurationList = 9A4780232B4DE769008F704F /* Build configuration list for PBXNativeTarget "sageTests" */;
			buildPhases = (
				9A4780082B4DE768008F704F /* Sources */,
				9A4780092B4DE768008F704F /* Frameworks */,
				9A47800A2B4DE768008F704F /* Resources */,
			);
			buildRules = (
			);
			dependencies = (
				9A47800E2B4DE769008F704F /* PBXTargetDependency */,
			);
			name = sageTests;
			productName = sageTests;
			productReference = 9A47800C2B4DE769008F704F /* sageTests.xctest */;
			productType = "com.apple.product-type.bundle.unit-test";
		};
		9A4780152B4DE769008F704F /* sageUITests */ = {
			isa = PBXNativeTarget;
			buildConfigurationList = 9A4780262B4DE769008F704F /* Build configuration list for PBXNativeTarget "sageUITests" */;
			buildPhases = (
				9A4780122B4DE769008F704F /* Sources */,
				9A4780132B4DE769008F704F /* Frameworks */,
				9A4780142B4DE769008F704F /* Resources */,
			);
			buildRules = (
			);
			dependencies = (
				9A4780182B4DE769008F704F /* PBXTargetDependency */,
			);
			name = sageUITests;
			productName = sageUITests;
			productReference = 9A4780162B4DE769008F704F /* sageUITests.xctest */;
			productType = "com.apple.product-type.bundle.ui-testing";
		};
/* End PBXNativeTarget section */

/* Begin PBXProject section */
		9A477FF42B4DE767008F704F /* Project object */ = {
			isa = PBXProject;
			attributes = {
				BuildIndependentTargetsInParallel = 1;
				LastSwiftUpdateCheck = 1500;
				LastUpgradeCheck = 1500;
				TargetAttributes = {
					9A477FFB2B4DE767008F704F = {
						CreatedOnToolsVersion = 15.0.1;
					};
					9A47800B2B4DE768008F704F = {
						CreatedOnToolsVersion = 15.0.1;
						TestTargetID = 9A477FFB2B4DE767008F704F;
					};
					9A4780152B4DE769008F704F = {
						CreatedOnToolsVersion = 15.0.1;
						TestTargetID = 9A477FFB2B4DE767008F704F;
					};
				};
			};
			buildConfigurationList = 9A477FF72B4DE767008F704F /* Build configuration list for PBXProject "sage" */;
			compatibilityVersion = "Xcode 14.0";
			developmentRegion = en;
			hasScannedForEncodings = 0;
			knownRegions = (
				en,
				Base,
			);
			mainGroup = 9A477FF32B4DE767008F704F;
			productRefGroup = 9A477FFD2B4DE767008F704F /* Products */;
			projectDirPath = "";
			projectRoot = "";
			targets = (
				9A477FFB2B4DE767008F704F /* sage */,
				9A47800B2B4DE768008F704F /* sageTests */,
				9A4780152B4DE769008F704F /* sageUITests */,
			);
		};
/* End PBXProject section */

/* Begin PBXResourcesBuildPhase section */
		9A477FFA2B4DE767008F704F /* Resources */ = {
			isa = PBXResourcesBuildPhase;
			buildActionMask = 2147483647;
			files = (
				9A4780072B4DE768008F704F /* Preview Assets.xcassets in Resources */,
				9A4780042B4DE768008F704F /* Assets.xcassets in Resources */,
			);
			runOnlyForDeploymentPostprocessing = 0;
		};
		9A47800A2B4DE768008F704F /* Resources */ = {
			isa = PBXResourcesBuildPhase;
			buildActionMask = 2147483647;
			files = (
			);
			runOnlyForDeploymentPostprocessing = 0;
		};
		9A4780142B4DE769008F704F /* Resources */ = {
			isa = PBXResourcesBuildPhase;
			buildActionMask = 2147483647;
			files = (
			);
			runOnlyForDeploymentPostprocessing = 0;
		};
/* End PBXResourcesBuildPhase section */

/* Begin PBXSourcesBuildPhase section */
		9A477FF82B4DE767008F704F /* Sources */ = {
			isa = PBXSourcesBuildPhase;
			buildActionMask = 2147483647;
			files = (
				9A4780022B4DE767008F704F /* ContentView.swift in Sources */,
				9A4780002B4DE767008F704F /* sageApp.swift in Sources */,
				5B8DF0A52B4F374100D8FDD1 /* CountryCodePickerView.swift in Sources */,
				5B8DF0A32B4DFA4100D8FDD1 /* SplashScreenView.swift in Sources */,
			);
			runOnlyForDeploymentPostprocessing = 0;
		};
		9A4780082B4DE768008F704F /* Sources */ = {
			isa = PBXSourcesBuildPhase;
			buildActionMask = 2147483647;
			files = (
				9A4780112B4DE769008F704F /* sageTests.swift in Sources */,
			);
			runOnlyForDeploymentPostprocessing = 0;
		};
		9A4780122B4DE769008F704F /* Sources */ = {
			isa = PBXSourcesBuildPhase;
			buildActionMask = 2147483647;
			files = (
				9A47801D2B4DE769008F704F /* sageUITestsLaunchTests.swift in Sources */,
				9A47801B2B4DE769008F704F /* sageUITests.swift in Sources */,
			);
			runOnlyForDeploymentPostprocessing = 0;
		};
/* End PBXSourcesBuildPhase section */

/* Begin PBXTargetDependency section */
		9A47800E2B4DE769008F704F /* PBXTargetDependency */ = {
			isa = PBXTargetDependency;
			target = 9A477FFB2B4DE767008F704F /* sage */;
			targetProxy = 9A47800D2B4DE769008F704F /* PBXContainerItemProxy */;
		};
		9A4780182B4DE769008F704F /* PBXTargetDependency */ = {
			isa = PBXTargetDependency;
			target = 9A477FFB2B4DE767008F704F /* sage */;
			targetProxy = 9A4780172B4DE769008F704F /* PBXContainerItemProxy */;
		};
/* End PBXTargetDependency section */

/* Begin XCBuildConfiguration section */
		9A47801E2B4DE769008F704F /* Debug */ = {
			isa = XCBuildConfiguration;
			buildSettings = {
				ALWAYS_SEARCH_USER_PATHS = NO;
				ASSETCATALOG_COMPILER_GENERATE_SWIFT_ASSET_SYMBOL_EXTENSIONS = YES;
				CLANG_ANALYZER_NONNULL = YES;
				CLANG_ANALYZER_NUMBER_OBJECT_CONVERSION = YES_AGGRESSIVE;
				CLANG_CXX_LANGUAGE_STANDARD = "gnu++20";
				CLANG_ENABLE_MODULES = YES;
				CLANG_ENABLE_OBJC_ARC = YES;
				CLANG_ENABLE_OBJC_WEAK = YES;
				CLANG_WARN_BLOCK_CAPTURE_AUTORELEASING = YES;
				CLANG_WARN_BOOL_CONVERSION = YES;
				CLANG_WARN_COMMA = YES;
				CLANG_WARN_CONSTANT_CONVERSION = YES;
				CLANG_WARN_DEPRECATED_OBJC_IMPLEMENTATIONS = YES;
				CLANG_WARN_DIRECT_OBJC_ISA_USAGE = YES_ERROR;
				CLANG_WARN_DOCUMENTATION_COMMENTS = YES;
				CLANG_WARN_EMPTY_BODY = YES;
				CLANG_WARN_ENUM_CONVERSION = YES;
				CLANG_WARN_INFINITE_RECURSION = YES;
				CLANG_WARN_INT_CONVERSION = YES;
				CLANG_WARN_NON_LITERAL_NULL_CONVERSION = YES;
				CLANG_WARN_OBJC_IMPLICIT_RETAIN_SELF = YES;
				CLANG_WARN_OBJC_LITERAL_CONVERSION = YES;
				CLANG_WARN_OBJC_ROOT_CLASS = YES_ERROR;
				CLANG_WARN_QUOTED_INCLUDE_IN_FRAMEWORK_HEADER = YES;
				CLANG_WARN_RANGE_LOOP_ANALYSIS = YES;
				CLANG_WARN_STRICT_PROTOTYPES = YES;
				CLANG_WARN_SUSPICIOUS_MOVE = YES;
				CLANG_WARN_UNGUARDED_AVAILABILITY = YES_AGGRESSIVE;
				CLANG_WARN_UNREACHABLE_CODE = YES;
				CLANG_WARN__DUPLICATE_METHOD_MATCH = YES;
				COPY_PHASE_STRIP = NO;
				DEBUG_INFORMATION_FORMAT = dwarf;
				ENABLE_STRICT_OBJC_MSGSEND = YES;
				ENABLE_TESTABILITY = YES;
				ENABLE_USER_SCRIPT_SANDBOXING = YES;
				GCC_C_LANGUAGE_STANDARD = gnu17;
				GCC_DYNAMIC_NO_PIC = NO;
				GCC_NO_COMMON_BLOCKS = YES;
				GCC_OPTIMIZATION_LEVEL = 0;
				GCC_PREPROCESSOR_DEFINITIONS = (
					"DEBUG=1",
					"$(inherited)",
				);
				GCC_WARN_64_TO_32_BIT_CONVERSION = YES;
				GCC_WARN_ABOUT_RETURN_TYPE = YES_ERROR;
				GCC_WARN_UNDECLARED_SELECTOR = YES;
				GCC_WARN_UNINITIALIZED_AUTOS = YES_AGGRESSIVE;
				GCC_WARN_UNUSED_FUNCTION = YES;
				GCC_WARN_UNUSED_VARIABLE = YES;
				IPHONEOS_DEPLOYMENT_TARGET = 17.0;
				LOCALIZATION_PREFERS_STRING_CATALOGS = YES;
				MTL_ENABLE_DEBUG_INFO = INCLUDE_SOURCE;
				MTL_FAST_MATH = YES;
				ONLY_ACTIVE_ARCH = YES;
				SDKROOT = iphoneos;
				SWIFT_ACTIVE_COMPILATION_CONDITIONS = "DEBUG $(inherited)";
				SWIFT_OPTIMIZATION_LEVEL = "-Onone";
			};
			name = Debug;
		};
		9A47801F2B4DE769008F704F /* Release */ = {
			isa = XCBuildConfiguration;
			buildSettings = {
				ALWAYS_SEARCH_USER_PATHS = NO;
				ASSETCATALOG_COMPILER_GENERATE_SWIFT_ASSET_SYMBOL_EXTENSIONS = YES;
				CLANG_ANALYZER_NONNULL = YES;
				CLANG_ANALYZER_NUMBER_OBJECT_CONVERSION = YES_AGGRESSIVE;
				CLANG_CXX_LANGUAGE_STANDARD = "gnu++20";
				CLANG_ENABLE_MODULES = YES;
				CLANG_ENABLE_OBJC_ARC = YES;
				CLANG_ENABLE_OBJC_WEAK = YES;
				CLANG_WARN_BLOCK_CAPTURE_AUTORELEASING = YES;
				CLANG_WARN_BOOL_CONVERSION = YES;
				CLANG_WARN_COMMA = YES;
				CLANG_WARN_CONSTANT_CONVERSION = YES;
				CLANG_WARN_DEPRECATED_OBJC_IMPLEMENTATIONS = YES;
				CLANG_WARN_DIRECT_OBJC_ISA_USAGE = YES_ERROR;
				CLANG_WARN_DOCUMENTATION_COMMENTS = YES;
				CLANG_WARN_EMPTY_BODY = YES;
				CLANG_WARN_ENUM_CONVERSION = YES;
				CLANG_WARN_INFINITE_RECURSION = YES;
				CLANG_WARN_INT_CONVERSION = YES;
				CLANG_WARN_NON_LITERAL_NULL_CONVERSION = YES;
				CLANG_WARN_OBJC_IMPLICIT_RETAIN_SELF = YES;
				CLANG_WARN_OBJC_LITERAL_CONVERSION = YES;
				CLANG_WARN_OBJC_ROOT_CLASS = YES_ERROR;
				CLANG_WARN_QUOTED_INCLUDE_IN_FRAMEWORK_HEADER = YES;
				CLANG_WARN_RANGE_LOOP_ANALYSIS = YES;
				CLANG_WARN_STRICT_PROTOTYPES = YES;
				CLANG_WARN_SUSPICIOUS_MOVE = YES;
				CLANG_WARN_UNGUARDED_AVAILABILITY = YES_AGGRESSIVE;
				CLANG_WARN_UNREACHABLE_CODE = YES;
				CLANG_WARN__DUPLICATE_METHOD_MATCH = YES;
				COPY_PHASE_STRIP = NO;
				DEBUG_INFORMATION_FORMAT = "dwarf-with-dsym";
				ENABLE_NS_ASSERTIONS = NO;
				ENABLE_STRICT_OBJC_MSGSEND = YES;
				ENABLE_USER_SCRIPT_SANDBOXING = YES;
				GCC_C_LANGUAGE_STANDARD = gnu17;
				GCC_NO_COMMON_BLOCKS = YES;
				GCC_WARN_64_TO_32_BIT_CONVERSION = YES;
				GCC_WARN_ABOUT_RETURN_TYPE = YES_ERROR;
				GCC_WARN_UNDECLARED_SELECTOR = YES;
				GCC_WARN_UNINITIALIZED_AUTOS = YES_AGGRESSIVE;
				GCC_WARN_UNUSED_FUNCTION = YES;
				GCC_WARN_UNUSED_VARIABLE = YES;
				IPHONEOS_DEPLOYMENT_TARGET = 17.0;
				LOCALIZATION_PREFERS_STRING_CATALOGS = YES;
				MTL_ENABLE_DEBUG_INFO = NO;
				MTL_FAST_MATH = YES;
				SDKROOT = iphoneos;
				SWIFT_COMPILATION_MODE = wholemodule;
				VALIDATE_PRODUCT = YES;
			};
			name = Release;
		};
		9A4780212B4DE769008F704F /* Debug */ = {
			isa = XCBuildConfiguration;
			buildSettings = {
				ASSETCATALOG_COMPILER_APPICON_NAME = AppIcon;
				ASSETCATALOG_COMPILER_GLOBAL_ACCENT_COLOR_NAME = AccentColor;
				CODE_SIGN_STYLE = Automatic;
				CURRENT_PROJECT_VERSION = 1;
				DEVELOPMENT_ASSET_PATHS = "\"sage/Preview Content\"";
				DEVELOPMENT_TEAM = QHTAD99BQ4;
				ENABLE_PREVIEWS = YES;
				GENERATE_INFOPLIST_FILE = YES;
				INFOPLIST_KEY_UIApplicationSceneManifest_Generation = YES;
				INFOPLIST_KEY_UIApplicationSupportsIndirectInputEvents = YES;
				INFOPLIST_KEY_UILaunchScreen_Generation = YES;
				INFOPLIST_KEY_UISupportedInterfaceOrientations_iPad = "UIInterfaceOrientationPortrait UIInterfaceOrientationPortraitUpsideDown UIInterfaceOrientationLandscapeLeft UIInterfaceOrientationLandscapeRight";
				INFOPLIST_KEY_UISupportedInterfaceOrientations_iPhone = "UIInterfaceOrientationPortrait UIInterfaceOrientationLandscapeLeft UIInterfaceOrientationLandscapeRight";
				LD_RUNPATH_SEARCH_PATHS = (
					"$(inherited)",
					"@executable_path/Frameworks",
				);
				MARKETING_VERSION = 1.0;
				PRODUCT_BUNDLE_IDENTIFIER = kolli.sage;
				PRODUCT_NAME = "$(TARGET_NAME)";
				SWIFT_EMIT_LOC_STRINGS = YES;
				SWIFT_VERSION = 5.0;
				TARGETED_DEVICE_FAMILY = "1,2";
			};
			name = Debug;
		};
		9A4780222B4DE769008F704F /* Release */ = {
			isa = XCBuildConfiguration;
			buildSettings = {
				ASSETCATALOG_COMPILER_APPICON_NAME = AppIcon;
				ASSETCATALOG_COMPILER_GLOBAL_ACCENT_COLOR_NAME = AccentColor;
				CODE_SIGN_STYLE = Automatic;
				CURRENT_PROJECT_VERSION = 1;
				DEVELOPMENT_ASSET_PATHS = "\"sage/Preview Content\"";
				DEVELOPMENT_TEAM = QHTAD99BQ4;
				ENABLE_PREVIEWS = YES;
				GENERATE_INFOPLIST_FILE = YES;
				INFOPLIST_KEY_UIApplicationSceneManifest_Generation = YES;
				INFOPLIST_KEY_UIApplicationSupportsIndirectInputEvents = YES;
				INFOPLIST_KEY_UILaunchScreen_Generation = YES;
				INFOPLIST_KEY_UISupportedInterfaceOrientations_iPad = "UIInterfaceOrientationPortrait UIInterfaceOrientationPortraitUpsideDown UIInterfaceOrientationLandscapeLeft UIInterfaceOrientationLandscapeRight";
				INFOPLIST_KEY_UISupportedInterfaceOrientations_iPhone = "UIInterfaceOrientationPortrait UIInterfaceOrientationLandscapeLeft UIInterfaceOrientationLandscapeRight";
				LD_RUNPATH_SEARCH_PATHS = (
					"$(inherited)",
					"@executable_path/Frameworks",
				);
				MARKETING_VERSION = 1.0;
				PRODUCT_BUNDLE_IDENTIFIER = kolli.sage;
				PRODUCT_NAME = "$(TARGET_NAME)";
				SWIFT_EMIT_LOC_STRINGS = YES;
				SWIFT_VERSION = 5.0;
				TARGETED_DEVICE_FAMILY = "1,2";
			};
			name = Release;
		};
		9A4780242B4DE769008F704F /* Debug */ = {
			isa = XCBuildConfiguration;
			buildSettings = {
				ALWAYS_EMBED_SWIFT_STANDARD_LIBRARIES = YES;
				BUNDLE_LOADER = "$(TEST_HOST)";
				CODE_SIGN_STYLE = Automatic;
				CURRENT_PROJECT_VERSION = 1;
				DEVELOPMENT_TEAM = 8ZY48UL882;
				GENERATE_INFOPLIST_FILE = YES;
				IPHONEOS_DEPLOYMENT_TARGET = 17.0;
				MARKETING_VERSION = 1.0;
				PRODUCT_BUNDLE_IDENTIFIER = kolli.sageTests;
				PRODUCT_NAME = "$(TARGET_NAME)";
				SWIFT_EMIT_LOC_STRINGS = NO;
				SWIFT_VERSION = 5.0;
				TARGETED_DEVICE_FAMILY = "1,2";
				TEST_HOST = "$(BUILT_PRODUCTS_DIR)/sage.app/$(BUNDLE_EXECUTABLE_FOLDER_PATH)/sage";
			};
			name = Debug;
		};
		9A4780252B4DE769008F704F /* Release */ = {
			isa = XCBuildConfiguration;
			buildSettings = {
				ALWAYS_EMBED_SWIFT_STANDARD_LIBRARIES = YES;
				BUNDLE_LOADER = "$(TEST_HOST)";
				CODE_SIGN_STYLE = Automatic;
				CURRENT_PROJECT_VERSION = 1;
				DEVELOPMENT_TEAM = 8ZY48UL882;
				GENERATE_INFOPLIST_FILE = YES;
				IPHONEOS_DEPLOYMENT_TARGET = 17.0;
				MARKETING_VERSION = 1.0;
				PRODUCT_BUNDLE_IDENTIFIER = kolli.sageTests;
				PRODUCT_NAME = "$(TARGET_NAME)";
				SWIFT_EMIT_LOC_STRINGS = NO;
				SWIFT_VERSION = 5.0;
				TARGETED_DEVICE_FAMILY = "1,2";
				TEST_HOST = "$(BUILT_PRODUCTS_DIR)/sage.app/$(BUNDLE_EXECUTABLE_FOLDER_PATH)/sage";
			};
			name = Release;
		};
		9A4780272B4DE769008F704F /* Debug */ = {
			isa = XCBuildConfiguration;
			buildSettings = {
				ALWAYS_EMBED_SWIFT_STANDARD_LIBRARIES = YES;
				CODE_SIGN_STYLE = Automatic;
				CURRENT_PROJECT_VERSION = 1;
				DEVELOPMENT_TEAM = 8ZY48UL882;
				GENERATE_INFOPLIST_FILE = YES;
				MARKETING_VERSION = 1.0;
				PRODUCT_BUNDLE_IDENTIFIER = kolli.sageUITests;
				PRODUCT_NAME = "$(TARGET_NAME)";
				SWIFT_EMIT_LOC_STRINGS = NO;
				SWIFT_VERSION = 5.0;
				TARGETED_DEVICE_FAMILY = "1,2";
				TEST_TARGET_NAME = sage;
			};
			name = Debug;
		};
		9A4780282B4DE769008F704F /* Release */ = {
			isa = XCBuildConfiguration;
			buildSettings = {
				ALWAYS_EMBED_SWIFT_STANDARD_LIBRARIES = YES;
				CODE_SIGN_STYLE = Automatic;
				CURRENT_PROJECT_VERSION = 1;
				DEVELOPMENT_TEAM = 8ZY48UL882;
				GENERATE_INFOPLIST_FILE = YES;
				MARKETING_VERSION = 1.0;
				PRODUCT_BUNDLE_IDENTIFIER = kolli.sageUITests;
				PRODUCT_NAME = "$(TARGET_NAME)";
				SWIFT_EMIT_LOC_STRINGS = NO;
				SWIFT_VERSION = 5.0;
				TARGETED_DEVICE_FAMILY = "1,2";
				TEST_TARGET_NAME = sage;
			};
			name = Release;
		};
/* End XCBuildConfiguration section */

/* Begin XCConfigurationList section */
		9A477FF72B4DE767008F704F /* Build configuration list for PBXProject "sage" */ = {
			isa = XCConfigurationList;
			buildConfigurations = (
				9A47801E2B4DE769008F704F /* Debug */,
				9A47801F2B4DE769008F704F /* Release */,
			);
			defaultConfigurationIsVisible = 0;
			defaultConfigurationName = Release;
		};
		9A4780202B4DE769008F704F /* Build configuration list for PBXNativeTarget "sage" */ = {
			isa = XCConfigurationList;
			buildConfigurations = (
				9A4780212B4DE769008F704F /* Debug */,
				9A4780222B4DE769008F704F /* Release */,
			);
			defaultConfigurationIsVisible = 0;
			defaultConfigurationName = Release;
		};
		9A4780232B4DE769008F704F /* Build configuration list for PBXNativeTarget "sageTests" */ = {
			isa = XCConfigurationList;
			buildConfigurations = (
				9A4780242B4DE769008F704F /* Debug */,
				9A4780252B4DE769008F704F /* Release */,
			);
			defaultConfigurationIsVisible = 0;
			defaultConfigurationName = Release;
		};
		9A4780262B4DE769008F704F /* Build configuration list for PBXNativeTarget "sageUITests" */ = {
			isa = XCConfigurationList;
			buildConfigurations = (
				9A4780272B4DE769008F704F /* Debug */,
				9A4780282B4DE769008F704F /* Release */,
			);
			defaultConfigurationIsVisible = 0;
			defaultConfigurationName = Release;
		};
/* End XCConfigurationList section */
	};
	rootObject = 9A477FF42B4DE767008F704F /* Project object */;
}
